// !$*UTF8*$!
{
	archiveVersion = 1;
	classes = {
	};
	objectVersion = 46;
	objects = {

/* Begin PBXBuildFile section */
		4A3B59CD1B7E43D400FE53CF /* AppDelegate.swift in Sources */ = {isa = PBXBuildFile; fileRef = 4A3B59CC1B7E43D400FE53CF /* AppDelegate.swift */; };
		4A3B59CF1B7E43D400FE53CF /* ViewController.swift in Sources */ = {isa = PBXBuildFile; fileRef = 4A3B59CE1B7E43D400FE53CF /* ViewController.swift */; };
		4A3B59D21B7E43D400FE53CF /* Main.storyboard in Resources */ = {isa = PBXBuildFile; fileRef = 4A3B59D01B7E43D400FE53CF /* Main.storyboard */; };
		4A3B59E01B7E441800FE53CF /* CircularFloatingButton.swift in Sources */ = {isa = PBXBuildFile; fileRef = 4A3B59DF1B7E441800FE53CF /* CircularFloatingButton.swift */; };
		4A4BB37A1B84C5FF00BBF8A7 /* Assets.xcassets in Resources */ = {isa = PBXBuildFile; fileRef = 4A4BB3791B84C5FF00BBF8A7 /* Assets.xcassets */; };
/* End PBXBuildFile section */

/* Begin PBXFileReference section */
		4A3B59C91B7E43D400FE53CF /* CircularFloatingButtonMenu.app */ = {isa = PBXFileReference; explicitFileType = wrapper.application; includeInIndex = 0; path = CircularFloatingButtonMenu.app; sourceTree = BUILT_PRODUCTS_DIR; };
		4A3B59CC1B7E43D400FE53CF /* AppDelegate.swift */ = {isa = PBXFileReference; lastKnownFileType = sourcecode.swift; path = AppDelegate.swift; sourceTree = "<group>"; };
		4A3B59CE1B7E43D400FE53CF /* ViewController.swift */ = {isa = PBXFileReference; lastKnownFileType = sourcecode.swift; path = ViewController.swift; sourceTree = "<group>"; };
		4A3B59D11B7E43D400FE53CF /* Base */ = {isa = PBXFileReference; lastKnownFileType = file.storyboard; name = Base; path = Base.lproj/Main.storyboard; sourceTree = "<group>"; };
		4A3B59D81B7E43D400FE53CF /* Info.plist */ = {isa = PBXFileReference; lastKnownFileType = text.plist.xml; path = Info.plist; sourceTree = "<group>"; };
		4A3B59DF1B7E441800FE53CF /* CircularFloatingButton.swift */ = {isa = PBXFileReference; fileEncoding = 4; lastKnownFileType = sourcecode.swift; path = CircularFloatingButton.swift; sourceTree = "<group>"; };
		4A4BB3791B84C5FF00BBF8A7 /* Assets.xcassets */ = {isa = PBXFileReference; lastKnownFileType = folder.assetcatalog; path = Assets.xcassets; sourceTree = "<group>"; };
/* End PBXFileReference section */

/* Begin PBXFrameworksBuildPhase section */
		4A3B59C61B7E43D400FE53CF /* Frameworks */ = {
			isa = PBXFrameworksBuildPhase;
			buildActionMask = 2147483647;
			files = (
			);
			runOnlyForDeploymentPostprocessing = 0;
		};
/* End PBXFrameworksBuildPhase section */

/* Begin PBXGroup section */
		4A3B59C01B7E43D400FE53CF = {
			isa = PBXGroup;
			children = (
				4A3B59CB1B7E43D400FE53CF /* CircularFloatingButtonMenu */,
				4A3B59CA1B7E43D400FE53CF /* Products */,
			);
			sourceTree = "<group>";
		};
		4A3B59CA1B7E43D400FE53CF /* Products */ = {
			isa = PBXGroup;
			children = (
				4A3B59C91B7E43D400FE53CF /* CircularFloatingButtonMenu.app */,
			);
			name = Products;
			sourceTree = "<group>";
		};
		4A3B59CB1B7E43D400FE53CF /* CircularFloatingButtonMenu */ = {
			isa = PBXGroup;
			children = (
				4A3B59DE1B7E43F600FE53CF /* Classes */,
				4A3B59CC1B7E43D400FE53CF /* AppDelegate.swift */,
				4A3B59CE1B7E43D400FE53CF /* ViewController.swift */,
				4A3B59D01B7E43D400FE53CF /* Main.storyboard */,
				4A3B59D81B7E43D400FE53CF /* Info.plist */,
				4A4BB3791B84C5FF00BBF8A7 /* Assets.xcassets */,
			);
			path = CircularFloatingButtonMenu;
			sourceTree = "<group>";
		};
		4A3B59DE1B7E43F600FE53CF /* Classes */ = {
			isa = PBXGroup;
			children = (
				4A3B59DF1B7E441800FE53CF /* CircularFloatingButton.swift */,
			);
			name = Classes;
			sourceTree = "<group>";
		};
/* End PBXGroup section */

/* Begin PBXNativeTarget section */
		4A3B59C81B7E43D400FE53CF /* CircularFloatingButtonMenu */ = {
			isa = PBXNativeTarget;
			buildConfigurationList = 4A3B59DB1B7E43D400FE53CF /* Build configuration list for PBXNativeTarget "CircularFloatingButtonMenu" */;
			buildPhases = (
				4A3B59C51B7E43D400FE53CF /* Sources */,
				4A3B59C61B7E43D400FE53CF /* Frameworks */,
				4A3B59C71B7E43D400FE53CF /* Resources */,
			);
			buildRules = (
			);
			dependencies = (
			);
			name = CircularFloatingButtonMenu;
			productName = CircularFloatingButtonMenu;
			productReference = 4A3B59C91B7E43D400FE53CF /* CircularFloatingButtonMenu.app */;
			productType = "com.apple.product-type.application";
		};
/* End PBXNativeTarget section */

/* Begin PBXProject section */
		4A3B59C11B7E43D400FE53CF /* Project object */ = {
			isa = PBXProject;
			attributes = {
				LastUpgradeCheck = 0700;
				ORGANIZATIONNAME = CookMinute;
				TargetAttributes = {
					4A3B59C81B7E43D400FE53CF = {
						CreatedOnToolsVersion = 7.0;
					};
				};
			};
			buildConfigurationList = 4A3B59C41B7E43D400FE53CF /* Build configuration list for PBXProject "CircularFloatingButtonMenu" */;
			compatibilityVersion = "Xcode 3.2";
			developmentRegion = English;
			hasScannedForEncodings = 0;
			knownRegions = (
				en,
				Base,
			);
			mainGroup = 4A3B59C01B7E43D400FE53CF;
			productRefGroup = 4A3B59CA1B7E43D400FE53CF /* Products */;
			projectDirPath = "";
			projectRoot = "";
			targets = (
				4A3B59C81B7E43D400FE53CF /* CircularFloatingButtonMenu */,
			);
		};
/* End PBXProject section */

/* Begin PBXResourcesBuildPhase section */
		4A3B59C71B7E43D400FE53CF /* Resources */ = {
			isa = PBXResourcesBuildPhase;
			buildActionMask = 2147483647;
			files = (
				4A4BB37A1B84C5FF00BBF8A7 /* Assets.xcassets in Resources */,
				4A3B59D21B7E43D400FE53CF /* Main.storyboard in Resources */,
			);
			runOnlyForDeploymentPostprocessing = 0;
		};
/* End PBXResourcesBuildPhase section */

/* Begin PBXSourcesBuildPhase section */
		4A3B59C51B7E43D400FE53CF /* Sources */ = {
			isa = PBXSourcesBuildPhase;
			buildActionMask = 2147483647;
			files = (
				4A3B59CF1B7E43D400FE53CF /* ViewController.swift in Sources */,
				4A3B59CD1B7E43D400FE53CF /* AppDelegate.swift in Sources */,
				4A3B59E01B7E441800FE53CF /* CircularFloatingButton.swift in Sources */,
			);
			runOnlyForDeploymentPostprocessing = 0;
		};
/* End PBXSourcesBuildPhase section */

/* Begin PBXVariantGroup section */
		4A3B59D01B7E43D400FE53CF /* Main.storyboard */ = {
			isa = PBXVariantGroup;
			children = (
				4A3B59D11B7E43D400FE53CF /* Base */,
			);
			name = Main.storyboard;
			sourceTree = "<group>";
		};
/* End PBXVariantGroup section */

/* Begin XCBuildConfiguration section */
		4A3B59D91B7E43D400FE53CF /* Debug */ = {
			isa = XCBuildConfiguration;
			buildSettings = {
				ALWAYS_SEARCH_USER_PATHS = NO;
				CLANG_CXX_LANGUAGE_STANDARD = "gnu++0x";
				CLANG_CXX_LIBRARY = "libc++";
				CLANG_ENABLE_MODULES = YES;
				CLANG_ENABLE_OBJC_ARC = YES;
				CLANG_WARN_BOOL_CONVERSION = YES;
				CLANG_WARN_CONSTANT_CONVERSION = YES;
				CLANG_WARN_DIRECT_OBJC_ISA_USAGE = YES_ERROR;
				CLANG_WARN_EMPTY_BODY = YES;
				CLANG_WARN_ENUM_CONVERSION = YES;
				CLANG_WARN_INT_CONVERSION = YES;
				CLANG_WARN_OBJC_ROOT_CLASS = YES_ERROR;
				CLANG_WARN_UNREACHABLE_CODE = YES;
				CLANG_WARN__DUPLICATE_METHOD_MATCH = YES;
				"CODE_SIGN_IDENTITY[sdk=iphoneos*]" = "iPhone Developer";
				COPY_PHASE_STRIP = NO;
				DEBUG_INFORMATION_FORMAT = dwarf;
				ENABLE_STRICT_OBJC_MSGSEND = YES;
				ENABLE_TESTABILITY = YES;
				GCC_C_LANGUAGE_STANDARD = gnu99;
				GCC_DYNAMIC_NO_PIC = NO;
				GCC_NO_COMMON_BLOCKS = YES;
				GCC_OPTIMIZATION_LEVEL = 0;
				GCC_PREPROCESSOR_DEFINITIONS = (
					"DEBUG=1",
					"$(inherited)",
				);
				GCC_WARN_64_TO_32_BIT_CONVERSION = YES;
				GCC_WARN_ABOUT_RETURN_TYPE = YES_ERROR;
				GCC_WARN_UNDECLARED_SELECTOR = YES;
				GCC_WARN_UNINITIALIZED_AUTOS = YES_AGGRESSIVE;
				GCC_WARN_UNUSED_FUNCTION = YES;
				GCC_WARN_UNUSED_VARIABLE = YES;
				IPHONEOS_DEPLOYMENT_TARGET = 9.0;
				MTL_ENABLE_DEBUG_INFO = YES;
				ONLY_ACTIVE_ARCH = YES;
				SDKROOT = iphoneos;
				SWIFT_OPTIMIZATION_LEVEL = "-Onone";
				TARGETED_DEVICE_FAMILY = "1,2";
			};
			name = Debug;
		};
		4A3B59DA1B7E43D400FE53CF /* Release */ = {
			isa = XCBuildConfiguration;
			buildSettings = {
				ALWAYS_SEARCH_USER_PATHS = NO;
				CLANG_CXX_LANGUAGE_STANDARD = "gnu++0x";
				CLANG_CXX_LIBRARY = "libc++";
				CLANG_ENABLE_MODULES = YES;
				CLANG_ENABLE_OBJC_ARC = YES;
				CLANG_WARN_BOOL_CONVERSION = YES;
				CLANG_WARN_CONSTANT_CONVERSION = YES;
				CLANG_WARN_DIRECT_OBJC_ISA_USAGE = YES_ERROR;
				CLANG_WARN_EMPTY_BODY = YES;
				CLANG_WARN_ENUM_CONVERSION = YES;
				CLANG_WARN_INT_CONVERSION = YES;
				CLANG_WARN_OBJC_ROOT_CLASS = YES_ERROR;
				CLANG_WARN_UNREACHABLE_CODE = YES;
				CLANG_WARN__DUPLICATE_METHOD_MATCH = YES;
				"CODE_SIGN_IDENTITY[sdk=iphoneos*]" = "iPhone Developer";
				COPY_PHASE_STRIP = NO;
				DEBUG_INFORMATION_FORMAT = "dwarf-with-dsym";
				ENABLE_NS_ASSERTIONS = NO;
				ENABLE_STRICT_OBJC_MSGSEND = YES;
				GCC_C_LANGUAGE_STANDARD = gnu99;
				GCC_NO_COMMON_BLOCKS = YES;
				GCC_WARN_64_TO_32_BIT_CONVERSION = YES;
				GCC_WARN_ABOUT_RETURN_TYPE = YES_ERROR;
				GCC_WARN_UNDECLARED_SELECTOR = YES;
				GCC_WARN_UNINITIALIZED_AUTOS = YES_AGGRESSIVE;
				GCC_WARN_UNUSED_FUNCTION = YES;
				GCC_WARN_UNUSED_VARIABLE = YES;
				IPHONEOS_DEPLOYMENT_TARGET = 9.0;
				MTL_ENABLE_DEBUG_INFO = NO;
				SDKROOT = iphoneos;
				TARGETED_DEVICE_FAMILY = "1,2";
				VALIDATE_PRODUCT = YES;
			};
			name = Release;
		};
		4A3B59DC1B7E43D400FE53CF /* Debug */ = {
			isa = XCBuildConfiguration;
			buildSettings = {
				ASSETCATALOG_COMPILER_APPICON_NAME = AppIcon;
				INFOPLIST_FILE = CircularFloatingButtonMenu/Info.plist;
				IPHONEOS_DEPLOYMENT_TARGET = 8.0;
				LD_RUNPATH_SEARCH_PATHS = "$(inherited) @executable_path/Frameworks";
				PRODUCT_BUNDLE_IDENTIFIER = com.cookminute.CircularFloatingButtonMenu;
				PRODUCT_NAME = "$(TARGET_NAME)";
			};
			name = Debug;
		};
		4A3B59DD1B7E43D400FE53CF /* Release */ = {
			isa = XCBuildConfiguration;
			buildSettings = {
				ASSETCATALOG_COMPILER_APPICON_NAME = AppIcon;
				INFOPLIST_FILE = CircularFloatingButtonMenu/Info.plist;
				IPHONEOS_DEPLOYMENT_TARGET = 8.0;
				LD_RUNPATH_SEARCH_PATHS = "$(inherited) @executable_path/Frameworks";
				PRODUCT_BUNDLE_IDENTIFIER = com.cookminute.CircularFloatingButtonMenu;
				PRODUCT_NAME = "$(TARGET_NAME)";
			};
			name = Release;
		};
/* End XCBuildConfiguration section */

/* Begin XCConfigurationList section */
		4A3B59C41B7E43D400FE53CF /* Build configuration list for PBXProject "CircularFloatingButtonMenu" */ = {
			isa = XCConfigurationList;
			buildConfigurations = (
				4A3B59D91B7E43D400FE53CF /* Debug */,
				4A3B59DA1B7E43D400FE53CF /* Release */,
			);
			defaultConfigurationIsVisible = 0;
			defaultConfigurationName = Release;
		};
		4A3B59DB1B7E43D400FE53CF /* Build configuration list for PBXNativeTarget "CircularFloatingButtonMenu" */ = {
			isa = XCConfigurationList;
			buildConfigurations = (
				4A3B59DC1B7E43D400FE53CF /* Debug */,
				4A3B59DD1B7E43D400FE53CF /* Release */,
			);
			defaultConfigurationIsVisible = 0;
			defaultConfigurationName = Release;
		};
/* End XCConfigurationList section */
	};
	rootObject = 4A3B59C11B7E43D400FE53CF /* Project object */;
}
